<Solution>
  <Project Path="Northwind.API/Northwind.API.csproj" />
  <Project Path="Northwind.Application/Northwind.Application.csproj" />
  <Project Path="Northwind.Domain/Northwind.Domain.csproj" />
  <Project Path="Northwind.Infrastructure/Northwind.Infrastructure.csproj" />
  <Project Path="Northwind.Tests/Northwind.Tests.csproj" />
</Solution>
